
Microsoft Visual Studio Solution File, Format Version 12.00
# Visual Studio 15
VisualStudioVersion = 15.0.26730.16
MinimumVisualStudioVersion = 10.0.40219.1
Project("{FAE04EC0-301F-11D3-BF4B-00C04F79EFBC}") = "BlauwtipjeApp.Android", "BlauwtipjeApp\BlauwtipjeApp.Android\BlauwtipjeApp.Android.csproj", "{FB8A9BC1-098C-4F6A-9230-F0D0A478D6E0}"
EndProject
Project("{FAE04EC0-301F-11D3-BF4B-00C04F79EFBC}") = "BlauwtipjeApp.iOS", "BlauwtipjeApp\BlauwtipjeApp.iOS\BlauwtipjeApp.iOS.csproj", "{31FA0809-04F4-4947-8062-53761E583077}"
EndProject
Project("{FAE04EC0-301F-11D3-BF4B-00C04F79EFBC}") = "BlauwtipjeApp.Core", "BlauwtipjeApp\BlauwtipjeApp.Core\BlauwtipjeApp.Core.csproj", "{FA2F41BB-12E7-467C-A7C5-522CC062F7A3}"
EndProject
Project("{FAE04EC0-301F-11D3-BF4B-00C04F79EFBC}") = "BlauwtipjeApp.Core.Test", "BlauwtipjeApp\BlauwtipjeApp.Core.Test\BlauwtipjeApp.Core.Test.csproj", "{93532E93-CC36-40A7-BE47-67FC08BC8E81}"
EndProject
Global
	GlobalSection(SolutionConfigurationPlatforms) = preSolution
		Debug|Any CPU = Debug|Any CPU
		Debug|iPhone = Debug|iPhone
		Debug|iPhoneSimulator = Debug|iPhoneSimulator
		Release|Any CPU = Release|Any CPU
		Release|iPhone = Release|iPhone
		Release|iPhoneSimulator = Release|iPhoneSimulator
	EndGlobalSection
	GlobalSection(ProjectConfigurationPlatforms) = postSolution
		{FB8A9BC1-098C-4F6A-9230-F0D0A478D6E0}.Debug|Any CPU.ActiveCfg = Debug|Any CPU
		{FB8A9BC1-098C-4F6A-9230-F0D0A478D6E0}.Debug|Any CPU.Build.0 = Debug|Any CPU
		{FB8A9BC1-098C-4F6A-9230-F0D0A478D6E0}.Debug|Any CPU.Deploy.0 = Debug|Any CPU
		{FB8A9BC1-098C-4F6A-9230-F0D0A478D6E0}.Debug|iPhone.ActiveCfg = Debug|Any CPU
		{FB8A9BC1-098C-4F6A-9230-F0D0A478D6E0}.Debug|iPhone.Build.0 = Debug|Any CPU
		{FB8A9BC1-098C-4F6A-9230-F0D0A478D6E0}.Debug|iPhone.Deploy.0 = Debug|Any CPU
		{FB8A9BC1-098C-4F6A-9230-F0D0A478D6E0}.Debug|iPhoneSimulator.ActiveCfg = Debug|Any CPU
		{FB8A9BC1-098C-4F6A-9230-F0D0A478D6E0}.Debug|iPhoneSimulator.Build.0 = Debug|Any CPU
		{FB8A9BC1-098C-4F6A-9230-F0D0A478D6E0}.Debug|iPhoneSimulator.Deploy.0 = Debug|Any CPU
		{FB8A9BC1-098C-4F6A-9230-F0D0A478D6E0}.Release|Any CPU.ActiveCfg = Release|Any CPU
		{FB8A9BC1-098C-4F6A-9230-F0D0A478D6E0}.Release|Any CPU.Build.0 = Release|Any CPU
		{FB8A9BC1-098C-4F6A-9230-F0D0A478D6E0}.Release|Any CPU.Deploy.0 = Release|Any CPU
		{FB8A9BC1-098C-4F6A-9230-F0D0A478D6E0}.Release|iPhone.ActiveCfg = Release|Any CPU
		{FB8A9BC1-098C-4F6A-9230-F0D0A478D6E0}.Release|iPhone.Build.0 = Release|Any CPU
		{FB8A9BC1-098C-4F6A-9230-F0D0A478D6E0}.Release|iPhone.Deploy.0 = Release|Any CPU
		{FB8A9BC1-098C-4F6A-9230-F0D0A478D6E0}.Release|iPhoneSimulator.ActiveCfg = Release|Any CPU
		{FB8A9BC1-098C-4F6A-9230-F0D0A478D6E0}.Release|iPhoneSimulator.Build.0 = Release|Any CPU
		{FB8A9BC1-098C-4F6A-9230-F0D0A478D6E0}.Release|iPhoneSimulator.Deploy.0 = Release|Any CPU
		{31FA0809-04F4-4947-8062-53761E583077}.Debug|Any CPU.ActiveCfg = Debug|Any CPU
		{31FA0809-04F4-4947-8062-53761E583077}.Debug|Any CPU.Build.0 = Debug|Any CPU
		{31FA0809-04F4-4947-8062-53761E583077}.Debug|iPhone.ActiveCfg = Debug|iPhone
		{31FA0809-04F4-4947-8062-53761E583077}.Debug|iPhone.Build.0 = Debug|iPhone
		{31FA0809-04F4-4947-8062-53761E583077}.Debug|iPhoneSimulator.ActiveCfg = Debug|iPhoneSimulator
		{31FA0809-04F4-4947-8062-53761E583077}.Debug|iPhoneSimulator.Build.0 = Debug|iPhoneSimulator
		{31FA0809-04F4-4947-8062-53761E583077}.Release|Any CPU.ActiveCfg = Release|Any CPU
		{31FA0809-04F4-4947-8062-53761E583077}.Release|Any CPU.Build.0 = Release|Any CPU
		{31FA0809-04F4-4947-8062-53761E583077}.Release|iPhone.ActiveCfg = Release|iPhone
		{31FA0809-04F4-4947-8062-53761E583077}.Release|iPhone.Build.0 = Release|iPhone
		{31FA0809-04F4-4947-8062-53761E583077}.Release|iPhoneSimulator.ActiveCfg = Release|iPhoneSimulator
		{31FA0809-04F4-4947-8062-53761E583077}.Release|iPhoneSimulator.Build.0 = Release|iPhoneSimulator
		{FA2F41BB-12E7-467C-A7C5-522CC062F7A3}.Debug|Any CPU.ActiveCfg = Debug|Any CPU
		{FA2F41BB-12E7-467C-A7C5-522CC062F7A3}.Debug|Any CPU.Build.0 = Debug|Any CPU
		{FA2F41BB-12E7-467C-A7C5-522CC062F7A3}.Debug|iPhone.ActiveCfg = Debug|Any CPU
		{FA2F41BB-12E7-467C-A7C5-522CC062F7A3}.Debug|iPhone.Build.0 = Debug|Any CPU
		{FA2F41BB-12E7-467C-A7C5-522CC062F7A3}.Debug|iPhoneSimulator.ActiveCfg = Debug|Any CPU
		{FA2F41BB-12E7-467C-A7C5-522CC062F7A3}.Debug|iPhoneSimulator.Build.0 = Debug|Any CPU
		{FA2F41BB-12E7-467C-A7C5-522CC062F7A3}.Release|Any CPU.ActiveCfg = Release|Any CPU
		{FA2F41BB-12E7-467C-A7C5-522CC062F7A3}.Release|Any CPU.Build.0 = Release|Any CPU
		{FA2F41BB-12E7-467C-A7C5-522CC062F7A3}.Release|iPhone.ActiveCfg = Release|Any CPU
		{FA2F41BB-12E7-467C-A7C5-522CC062F7A3}.Release|iPhone.Build.0 = Release|Any CPU
		{FA2F41BB-12E7-467C-A7C5-522CC062F7A3}.Release|iPhoneSimulator.ActiveCfg = Release|Any CPU
		{FA2F41BB-12E7-467C-A7C5-522CC062F7A3}.Release|iPhoneSimulator.Build.0 = Release|Any CPU
		{93532E93-CC36-40A7-BE47-67FC08BC8E81}.Debug|Any CPU.ActiveCfg = Debug|Any CPU
		{93532E93-CC36-40A7-BE47-67FC08BC8E81}.Debug|Any CPU.Build.0 = Debug|Any CPU
		{93532E93-CC36-40A7-BE47-67FC08BC8E81}.Debug|iPhone.ActiveCfg = Debug|Any CPU
		{93532E93-CC36-40A7-BE47-67FC08BC8E81}.Debug|iPhone.Build.0 = Debug|Any CPU
		{93532E93-CC36-40A7-BE47-67FC08BC8E81}.Debug|iPhoneSimulator.ActiveCfg = Debug|Any CPU
		{93532E93-CC36-40A7-BE47-67FC08BC8E81}.Debug|iPhoneSimulator.Build.0 = Debug|Any CPU
		{93532E93-CC36-40A7-BE47-67FC08BC8E81}.Release|Any CPU.ActiveCfg = Release|Any CPU
		{93532E93-CC36-40A7-BE47-67FC08BC8E81}.Release|Any CPU.Build.0 = Release|Any CPU
		{93532E93-CC36-40A7-BE47-67FC08BC8E81}.Release|iPhone.ActiveCfg = Release|Any CPU
		{93532E93-CC36-40A7-BE47-67FC08BC8E81}.Release|iPhone.Build.0 = Release|Any CPU
		{93532E93-CC36-40A7-BE47-67FC08BC8E81}.Release|iPhoneSimulator.ActiveCfg = Release|Any CPU
		{93532E93-CC36-40A7-BE47-67FC08BC8E81}.Release|iPhoneSimulator.Build.0 = Release|Any CPU
	EndGlobalSection
	GlobalSection(SolutionProperties) = preSolution
		HideSolutionNode = FALSE
	EndGlobalSection
	GlobalSection(ExtensibilityGlobals) = postSolution
		SolutionGuid = {3A32B07B-E0C9-4437-99AC-F6902119AA2C}
	EndGlobalSection
EndGlobal
